
Microsoft Visual Studio Solution File, Format Version 12.00
# Visual Studio Version 17
VisualStudioVersion = 17.4.33122.133
MinimumVisualStudioVersion = 10.0.40219.1
Project("{9A19103F-16F7-4668-BE54-9A1E7A4F7556}") = "ConsoleApp2", "ConsoleApp2\ConsoleApp2.csproj", "{31782066-724B-4266-9E47-20C2C7217DC6}"
EndProject
Global
	GlobalSection(SolutionConfigurationPlatforms) = preSolution
		Debug|Any CPU = Debug|Any CPU
		Release|Any CPU = Release|Any CPU
	EndGlobalSection
	GlobalSection(ProjectConfigurationPlatforms) = postSolution
		{31782066-724B-4266-9E47-20C2C7217DC6}.Debug|Any CPU.ActiveCfg = Debug|Any CPU
		{31782066-724B-4266-9E47-20C2C7217DC6}.Debug|Any CPU.Build.0 = Debug|Any CPU
		{31782066-724B-4266-9E47-20C2C7217DC6}.Release|Any CPU.ActiveCfg = Release|Any CPU
		{31782066-724B-4266-9E47-20C2C7217DC6}.Release|Any CPU.Build.0 = Release|Any CPU
	EndGlobalSection
	GlobalSection(SolutionProperties) = preSolution
		HideSolutionNode = FALSE
	EndGlobalSection
	GlobalSection(ExtensibilityGlobals) = postSolution
		SolutionGuid = {937B8959-5DBF-4C81-8C3B-95094ED59003}
	EndGlobalSection
EndGlobal
